{
    "_readme": [
        "This file locks the dependencies of your project to a known state",
        "Read more about it at https://getcomposer.org/doc/01-basic-usage.md#installing-dependencies",
        "This file is @generated automatically"
    ],
    "content-hash": "3a899ef80602bdf70428fe94e5509ca4",
    "packages": [
        {
            "name": "dadadam/wptoolkit",
            "version": "dev-main",
            "source": {
                "type": "git",
                "url": "https://github.com/Dadadam999/WPToolkit.git",
                "reference": "5fa9ccea4ea46c6944db001c057adc58db7ddd71"
            },
            "dist": {
                "type": "zip",
                "url": "https://api.github.com/repos/Dadadam999/WPToolkit/zipball/5fa9ccea4ea46c6944db001c057adc58db7ddd71",
                "reference": "5fa9ccea4ea46c6944db001c057adc58db7ddd71",
                "shasum": ""
            },
            "require": {
                "php": "^8.2||^8.3"
            },
            "default-branch": true,
            "type": "library",
            "autoload": {
                "psr-4": {
                    "WpToolKit\\": "src/"
                }
            },
            "notification-url": "https://packagist.org/downloads/",
            "license": [
                "MIT"
            ],
            "authors": [
                {
                    "name": "Andrey Bogdanov",
                    "email": "bogdanov.andrey.code@gmail.com"
                }
            ],
            "description": "WP Tool Kit is library for create wordpress plugin.",
            "support": {
                "issues": "https://github.com/Dadadam999/WPToolkit/issues",
                "source": "https://github.com/Dadadam999/WPToolkit/tree/main"
            },
            "time": "2024-01-12T13:43:42+00:00"
        }
    ],
    "packages-dev": [],
    "aliases": [],
    "minimum-stability": "stable",
    "stability-flags": {
        "dadadam/wptoolkit": 20
    },
    "prefer-stable": false,
    "prefer-lowest": false,
    "platform": [],
    "platform-dev": [],
    "plugin-api-version": "2.6.0"
}
